// !$*UTF8*$!
{
	archiveVersion = 1;
	classes = {
	};
	objectVersion = 50;
	objects = {

/* Begin PBXBuildFile section */
		153A803E2180D5A60009E963 /* AppDelegate.swift in Sources */ = {isa = PBXBuildFile; fileRef = 153A803D2180D5A60009E963 /* AppDelegate.swift */; };
		153A80432180D5A60009E963 /* Main.storyboard in Resources */ = {isa = PBXBuildFile; fileRef = 153A80412180D5A60009E963 /* Main.storyboard */; };
		153A80452180D5A70009E963 /* Assets.xcassets in Resources */ = {isa = PBXBuildFile; fileRef = 153A80442180D5A70009E963 /* Assets.xcassets */; };
		153A80482180D5A70009E963 /* LaunchScreen.storyboard in Resources */ = {isa = PBXBuildFile; fileRef = 153A80462180D5A70009E963 /* LaunchScreen.storyboard */; };
		153A80532180D5A70009E963 /* ClassibilityTests.swift in Sources */ = {isa = PBXBuildFile; fileRef = 153A80522180D5A70009E963 /* ClassibilityTests.swift */; };
		153A805E2180D5A70009E963 /* ClassibilityUITests.swift in Sources */ = {isa = PBXBuildFile; fileRef = 153A805D2180D5A70009E963 /* ClassibilityUITests.swift */; };
		153A806C2180D7480009E963 /* LoginViewController.swift in Sources */ = {isa = PBXBuildFile; fileRef = 153A806B2180D7480009E963 /* LoginViewController.swift */; };
		153A806E2180E9D90009E963 /* RegisterViewController.swift in Sources */ = {isa = PBXBuildFile; fileRef = 153A806D2180E9D90009E963 /* RegisterViewController.swift */; };
		159FEE252181A03D005B0683 /* ForgetViewController.swift in Sources */ = {isa = PBXBuildFile; fileRef = 159FEE242181A03D005B0683 /* ForgetViewController.swift */; };
		159FEE272181A421005B0683 /* ResendViewController.swift in Sources */ = {isa = PBXBuildFile; fileRef = 159FEE262181A421005B0683 /* ResendViewController.swift */; };
		15E99056218EB44C00043441 /* NewClassViewController.swift in Sources */ = {isa = PBXBuildFile; fileRef = 15E99055218EB44C00043441 /* NewClassViewController.swift */; };
		15E9905A218EC86500043441 /* LocationViewController.swift in Sources */ = {isa = PBXBuildFile; fileRef = 15E99058218EC86500043441 /* LocationViewController.swift */; };
		15E9905B218EC86500043441 /* LocationViewController.xib in Resources */ = {isa = PBXBuildFile; fileRef = 15E99059218EC86500043441 /* LocationViewController.xib */; };
		15E9905E218EC88500043441 /* TimeViewController.swift in Sources */ = {isa = PBXBuildFile; fileRef = 15E9905C218EC88500043441 /* TimeViewController.swift */; };
		15E9905F218EC88500043441 /* TimeViewController.xib in Resources */ = {isa = PBXBuildFile; fileRef = 15E9905D218EC88500043441 /* TimeViewController.xib */; };
		15EAEA88218DF3CE00073472 /* GoogleService-Info.plist in Resources */ = {isa = PBXBuildFile; fileRef = 15EAEA87218DF3CE00073472 /* GoogleService-Info.plist */; };
		15EAEA8A218DF52100073472 /* ClassTableViewCell.swift in Sources */ = {isa = PBXBuildFile; fileRef = 15EAEA89218DF52100073472 /* ClassTableViewCell.swift */; };
		15EAEA8C218DF54400073472 /* ClassTableViewController.swift in Sources */ = {isa = PBXBuildFile; fileRef = 15EAEA8B218DF54400073472 /* ClassTableViewController.swift */; };
		15EAEA8E218E156C00073472 /* Class.swift in Sources */ = {isa = PBXBuildFile; fileRef = 15EAEA8D218E156C00073472 /* Class.swift */; };
		43282EFF8661B7E6DDA134C4 /* Pods_ClassibilityTests.framework in Frameworks */ = {isa = PBXBuildFile; fileRef = A8609475F857C81DB708CFE9 /* Pods_ClassibilityTests.framework */; };
		7AB0C847BE0F2C18BFE54BA7 /* Pods_ClassibilityUITests.framework in Frameworks */ = {isa = PBXBuildFile; fileRef = 905F1111E81936EC2AC93A5A /* Pods_ClassibilityUITests.framework */; };
		F656E1CC5AF917913D77F9D4 /* Pods_Classibility.framework in Frameworks */ = {isa = PBXBuildFile; fileRef = 6C27037508673236A7B75D88 /* Pods_Classibility.framework */; };
/* End PBXBuildFile section */

/* Begin PBXContainerItemProxy section */
		153A804F2180D5A70009E963 /* PBXContainerItemProxy */ = {
			isa = PBXContainerItemProxy;
			containerPortal = 153A80322180D5A60009E963 /* Project object */;
			proxyType = 1;
			remoteGlobalIDString = 153A80392180D5A60009E963;
			remoteInfo = Classibility;
		};
		153A805A2180D5A70009E963 /* PBXContainerItemProxy */ = {
			isa = PBXContainerItemProxy;
			containerPortal = 153A80322180D5A60009E963 /* Project object */;
			proxyType = 1;
			remoteGlobalIDString = 153A80392180D5A60009E963;
			remoteInfo = Classibility;
		};
/* End PBXContainerItemProxy section */

/* Begin PBXFileReference section */
		06F27CFC14EBF9721598C5FC /* Pods-ClassibilityTests.release.xcconfig */ = {isa = PBXFileReference; includeInIndex = 1; lastKnownFileType = text.xcconfig; name = "Pods-ClassibilityTests.release.xcconfig"; path = "Pods/Target Support Files/Pods-ClassibilityTests/Pods-ClassibilityTests.release.xcconfig"; sourceTree = "<group>"; };
		153A803A2180D5A60009E963 /* Classibility.app */ = {isa = PBXFileReference; explicitFileType = wrapper.application; includeInIndex = 0; path = Classibility.app; sourceTree = BUILT_PRODUCTS_DIR; };
		153A803D2180D5A60009E963 /* AppDelegate.swift */ = {isa = PBXFileReference; lastKnownFileType = sourcecode.swift; path = AppDelegate.swift; sourceTree = "<group>"; };
		153A80422180D5A60009E963 /* Base */ = {isa = PBXFileReference; lastKnownFileType = file.storyboard; name = Base; path = Base.lproj/Main.storyboard; sourceTree = "<group>"; };
		153A80442180D5A70009E963 /* Assets.xcassets */ = {isa = PBXFileReference; lastKnownFileType = folder.assetcatalog; path = Assets.xcassets; sourceTree = "<group>"; };
		153A80472180D5A70009E963 /* Base */ = {isa = PBXFileReference; lastKnownFileType = file.storyboard; name = Base; path = Base.lproj/LaunchScreen.storyboard; sourceTree = "<group>"; };
		153A80492180D5A70009E963 /* Info.plist */ = {isa = PBXFileReference; lastKnownFileType = text.plist.xml; path = Info.plist; sourceTree = "<group>"; };
		153A804E2180D5A70009E963 /* ClassibilityTests.xctest */ = {isa = PBXFileReference; explicitFileType = wrapper.cfbundle; includeInIndex = 0; path = ClassibilityTests.xctest; sourceTree = BUILT_PRODUCTS_DIR; };
		153A80522180D5A70009E963 /* ClassibilityTests.swift */ = {isa = PBXFileReference; lastKnownFileType = sourcecode.swift; path = ClassibilityTests.swift; sourceTree = "<group>"; };
		153A80542180D5A70009E963 /* Info.plist */ = {isa = PBXFileReference; lastKnownFileType = text.plist.xml; path = Info.plist; sourceTree = "<group>"; };
		153A80592180D5A70009E963 /* ClassibilityUITests.xctest */ = {isa = PBXFileReference; explicitFileType = wrapper.cfbundle; includeInIndex = 0; path = ClassibilityUITests.xctest; sourceTree = BUILT_PRODUCTS_DIR; };
		153A805D2180D5A70009E963 /* ClassibilityUITests.swift */ = {isa = PBXFileReference; lastKnownFileType = sourcecode.swift; path = ClassibilityUITests.swift; sourceTree = "<group>"; };
		153A805F2180D5A70009E963 /* Info.plist */ = {isa = PBXFileReference; lastKnownFileType = text.plist.xml; path = Info.plist; sourceTree = "<group>"; };
		153A806B2180D7480009E963 /* LoginViewController.swift */ = {isa = PBXFileReference; lastKnownFileType = sourcecode.swift; path = LoginViewController.swift; sourceTree = "<group>"; };
		153A806D2180E9D90009E963 /* RegisterViewController.swift */ = {isa = PBXFileReference; lastKnownFileType = sourcecode.swift; path = RegisterViewController.swift; sourceTree = "<group>"; };
		159FEE242181A03D005B0683 /* ForgetViewController.swift */ = {isa = PBXFileReference; lastKnownFileType = sourcecode.swift; path = ForgetViewController.swift; sourceTree = "<group>"; };
		159FEE262181A421005B0683 /* ResendViewController.swift */ = {isa = PBXFileReference; lastKnownFileType = sourcecode.swift; path = ResendViewController.swift; sourceTree = "<group>"; };
		15E99055218EB44C00043441 /* NewClassViewController.swift */ = {isa = PBXFileReference; lastKnownFileType = sourcecode.swift; path = NewClassViewController.swift; sourceTree = "<group>"; };
		15E99058218EC86500043441 /* LocationViewController.swift */ = {isa = PBXFileReference; lastKnownFileType = sourcecode.swift; path = LocationViewController.swift; sourceTree = "<group>"; };
		15E99059218EC86500043441 /* LocationViewController.xib */ = {isa = PBXFileReference; lastKnownFileType = file.xib; path = LocationViewController.xib; sourceTree = "<group>"; };
		15E9905C218EC88500043441 /* TimeViewController.swift */ = {isa = PBXFileReference; lastKnownFileType = sourcecode.swift; path = TimeViewController.swift; sourceTree = "<group>"; };
		15E9905D218EC88500043441 /* TimeViewController.xib */ = {isa = PBXFileReference; lastKnownFileType = file.xib; path = TimeViewController.xib; sourceTree = "<group>"; };
		15EAEA87218DF3CE00073472 /* GoogleService-Info.plist */ = {isa = PBXFileReference; fileEncoding = 4; lastKnownFileType = text.plist.xml; path = "GoogleService-Info.plist"; sourceTree = SOURCE_ROOT; };
		15EAEA89218DF52100073472 /* ClassTableViewCell.swift */ = {isa = PBXFileReference; lastKnownFileType = sourcecode.swift; path = ClassTableViewCell.swift; sourceTree = "<group>"; };
		15EAEA8B218DF54400073472 /* ClassTableViewController.swift */ = {isa = PBXFileReference; lastKnownFileType = sourcecode.swift; path = ClassTableViewController.swift; sourceTree = "<group>"; };
		15EAEA8D218E156C00073472 /* Class.swift */ = {isa = PBXFileReference; lastKnownFileType = sourcecode.swift; path = Class.swift; sourceTree = "<group>"; };
		232AB3CBC92DCE4A10D61B99 /* Pods-ClassibilityUITests.debug.xcconfig */ = {isa = PBXFileReference; includeInIndex = 1; lastKnownFileType = text.xcconfig; name = "Pods-ClassibilityUITests.debug.xcconfig"; path = "Pods/Target Support Files/Pods-ClassibilityUITests/Pods-ClassibilityUITests.debug.xcconfig"; sourceTree = "<group>"; };
		3C3E71A3F7C40EC25A591226 /* Pods-ClassibilityTests.debug.xcconfig */ = {isa = PBXFileReference; includeInIndex = 1; lastKnownFileType = text.xcconfig; name = "Pods-ClassibilityTests.debug.xcconfig"; path = "Pods/Target Support Files/Pods-ClassibilityTests/Pods-ClassibilityTests.debug.xcconfig"; sourceTree = "<group>"; };
		4B647EEB55EC57F1F082B276 /* Pods-ClassibilityUITests.release.xcconfig */ = {isa = PBXFileReference; includeInIndex = 1; lastKnownFileType = text.xcconfig; name = "Pods-ClassibilityUITests.release.xcconfig"; path = "Pods/Target Support Files/Pods-ClassibilityUITests/Pods-ClassibilityUITests.release.xcconfig"; sourceTree = "<group>"; };
		5DFC92FA068259A43AF2C721 /* Pods-Classibility.debug.xcconfig */ = {isa = PBXFileReference; includeInIndex = 1; lastKnownFileType = text.xcconfig; name = "Pods-Classibility.debug.xcconfig"; path = "Pods/Target Support Files/Pods-Classibility/Pods-Classibility.debug.xcconfig"; sourceTree = "<group>"; };
		6C27037508673236A7B75D88 /* Pods_Classibility.framework */ = {isa = PBXFileReference; explicitFileType = wrapper.framework; includeInIndex = 0; path = Pods_Classibility.framework; sourceTree = BUILT_PRODUCTS_DIR; };
		86AC5F37E086198DB90CA771 /* Pods-Classibility.release.xcconfig */ = {isa = PBXFileReference; includeInIndex = 1; lastKnownFileType = text.xcconfig; name = "Pods-Classibility.release.xcconfig"; path = "Pods/Target Support Files/Pods-Classibility/Pods-Classibility.release.xcconfig"; sourceTree = "<group>"; };
		905F1111E81936EC2AC93A5A /* Pods_ClassibilityUITests.framework */ = {isa = PBXFileReference; explicitFileType = wrapper.framework; includeInIndex = 0; path = Pods_ClassibilityUITests.framework; sourceTree = BUILT_PRODUCTS_DIR; };
		A8609475F857C81DB708CFE9 /* Pods_ClassibilityTests.framework */ = {isa = PBXFileReference; explicitFileType = wrapper.framework; includeInIndex = 0; path = Pods_ClassibilityTests.framework; sourceTree = BUILT_PRODUCTS_DIR; };
/* End PBXFileReference section */

/* Begin PBXFrameworksBuildPhase section */
		153A80372180D5A60009E963 /* Frameworks */ = {
			isa = PBXFrameworksBuildPhase;
			buildActionMask = 2147483647;
			files = (
				F656E1CC5AF917913D77F9D4 /* Pods_Classibility.framework in Frameworks */,
			);
			runOnlyForDeploymentPostprocessing = 0;
		};
		153A804B2180D5A70009E963 /* Frameworks */ = {
			isa = PBXFrameworksBuildPhase;
			buildActionMask = 2147483647;
			files = (
				43282EFF8661B7E6DDA134C4 /* Pods_ClassibilityTests.framework in Frameworks */,
			);
			runOnlyForDeploymentPostprocessing = 0;
		};
		153A80562180D5A70009E963 /* Frameworks */ = {
			isa = PBXFrameworksBuildPhase;
			buildActionMask = 2147483647;
			files = (
				7AB0C847BE0F2C18BFE54BA7 /* Pods_ClassibilityUITests.framework in Frameworks */,
			);
			runOnlyForDeploymentPostprocessing = 0;
		};
/* End PBXFrameworksBuildPhase section */

/* Begin PBXGroup section */
		153A80312180D5A60009E963 = {
			isa = PBXGroup;
			children = (
				153A803C2180D5A60009E963 /* Classibility */,
				153A80512180D5A70009E963 /* ClassibilityTests */,
				153A805C2180D5A70009E963 /* ClassibilityUITests */,
				153A803B2180D5A60009E963 /* Products */,
				C4F75C236251BA0A5C587E7D /* Pods */,
				A25936D5E62B064CD0790CF7 /* Frameworks */,
			);
			sourceTree = "<group>";
		};
		153A803B2180D5A60009E963 /* Products */ = {
			isa = PBXGroup;
			children = (
				153A803A2180D5A60009E963 /* Classibility.app */,
				153A804E2180D5A70009E963 /* ClassibilityTests.xctest */,
				153A80592180D5A70009E963 /* ClassibilityUITests.xctest */,
			);
			name = Products;
			sourceTree = "<group>";
		};
		153A803C2180D5A60009E963 /* Classibility */ = {
			isa = PBXGroup;
			children = (
				15E99057218EC7FC00043441 /* newClassViews */,
				153A803D2180D5A60009E963 /* AppDelegate.swift */,
				153A80412180D5A60009E963 /* Main.storyboard */,
				15E99055218EB44C00043441 /* NewClassViewController.swift */,
				15EAEA8D218E156C00073472 /* Class.swift */,
				15EAEA8B218DF54400073472 /* ClassTableViewController.swift */,
				15EAEA89218DF52100073472 /* ClassTableViewCell.swift */,
				159FEE262181A421005B0683 /* ResendViewController.swift */,
				159FEE242181A03D005B0683 /* ForgetViewController.swift */,
				153A806D2180E9D90009E963 /* RegisterViewController.swift */,
				153A806B2180D7480009E963 /* LoginViewController.swift */,
				153A80442180D5A70009E963 /* Assets.xcassets */,
				153A80462180D5A70009E963 /* LaunchScreen.storyboard */,
				15EAEA87218DF3CE00073472 /* GoogleService-Info.plist */,
				153A80492180D5A70009E963 /* Info.plist */,
			);
			path = Classibility;
			sourceTree = "<group>";
		};
		153A80512180D5A70009E963 /* ClassibilityTests */ = {
			isa = PBXGroup;
			children = (
				153A80522180D5A70009E963 /* ClassibilityTests.swift */,
				153A80542180D5A70009E963 /* Info.plist */,
			);
			path = ClassibilityTests;
			sourceTree = "<group>";
		};
		153A805C2180D5A70009E963 /* ClassibilityUITests */ = {
			isa = PBXGroup;
			children = (
				153A805D2180D5A70009E963 /* ClassibilityUITests.swift */,
				153A805F2180D5A70009E963 /* Info.plist */,
			);
			path = ClassibilityUITests;
			sourceTree = "<group>";
		};
		15E99057218EC7FC00043441 /* newClassViews */ = {
			isa = PBXGroup;
			children = (
				15E99058218EC86500043441 /* LocationViewController.swift */,
				15E99059218EC86500043441 /* LocationViewController.xib */,
				15E9905C218EC88500043441 /* TimeViewController.swift */,
				15E9905D218EC88500043441 /* TimeViewController.xib */,
			);
			path = newClassViews;
			sourceTree = "<group>";
		};
		A25936D5E62B064CD0790CF7 /* Frameworks */ = {
			isa = PBXGroup;
			children = (
				6C27037508673236A7B75D88 /* Pods_Classibility.framework */,
				A8609475F857C81DB708CFE9 /* Pods_ClassibilityTests.framework */,
				905F1111E81936EC2AC93A5A /* Pods_ClassibilityUITests.framework */,
			);
			name = Frameworks;
			sourceTree = "<group>";
		};
		C4F75C236251BA0A5C587E7D /* Pods */ = {
			isa = PBXGroup;
			children = (
				5DFC92FA068259A43AF2C721 /* Pods-Classibility.debug.xcconfig */,
				86AC5F37E086198DB90CA771 /* Pods-Classibility.release.xcconfig */,
				3C3E71A3F7C40EC25A591226 /* Pods-ClassibilityTests.debug.xcconfig */,
				06F27CFC14EBF9721598C5FC /* Pods-ClassibilityTests.release.xcconfig */,
				232AB3CBC92DCE4A10D61B99 /* Pods-ClassibilityUITests.debug.xcconfig */,
				4B647EEB55EC57F1F082B276 /* Pods-ClassibilityUITests.release.xcconfig */,
			);
			name = Pods;
			sourceTree = "<group>";
		};
/* End PBXGroup section */

/* Begin PBXNativeTarget section */
		153A80392180D5A60009E963 /* Classibility */ = {
			isa = PBXNativeTarget;
			buildConfigurationList = 153A80622180D5A70009E963 /* Build configuration list for PBXNativeTarget "Classibility" */;
			buildPhases = (
				F3502304B4A72EAACDFBE4BF /* [CP] Check Pods Manifest.lock */,
				153A80362180D5A60009E963 /* Sources */,
				153A80372180D5A60009E963 /* Frameworks */,
				153A80382180D5A60009E963 /* Resources */,
				0E449F2A3E1762DE031BBD83 /* [CP] Embed Pods Frameworks */,
			);
			buildRules = (
			);
			dependencies = (
			);
			name = Classibility;
			productName = Classibility;
			productReference = 153A803A2180D5A60009E963 /* Classibility.app */;
			productType = "com.apple.product-type.application";
		};
		153A804D2180D5A70009E963 /* ClassibilityTests */ = {
			isa = PBXNativeTarget;
			buildConfigurationList = 153A80652180D5A70009E963 /* Build configuration list for PBXNativeTarget "ClassibilityTests" */;
			buildPhases = (
				83B346C9D3C06B2B266DACFC /* [CP] Check Pods Manifest.lock */,
				153A804A2180D5A70009E963 /* Sources */,
				153A804B2180D5A70009E963 /* Frameworks */,
				153A804C2180D5A70009E963 /* Resources */,
			);
			buildRules = (
			);
			dependencies = (
				153A80502180D5A70009E963 /* PBXTargetDependency */,
			);
			name = ClassibilityTests;
			productName = ClassibilityTests;
			productReference = 153A804E2180D5A70009E963 /* ClassibilityTests.xctest */;
			productType = "com.apple.product-type.bundle.unit-test";
		};
		153A80582180D5A70009E963 /* ClassibilityUITests */ = {
			isa = PBXNativeTarget;
			buildConfigurationList = 153A80682180D5A70009E963 /* Build configuration list for PBXNativeTarget "ClassibilityUITests" */;
			buildPhases = (
				D674A11423DCA6273272D084 /* [CP] Check Pods Manifest.lock */,
				153A80552180D5A70009E963 /* Sources */,
				153A80562180D5A70009E963 /* Frameworks */,
				153A80572180D5A70009E963 /* Resources */,
			);
			buildRules = (
			);
			dependencies = (
				153A805B2180D5A70009E963 /* PBXTargetDependency */,
			);
			name = ClassibilityUITests;
			productName = ClassibilityUITests;
			productReference = 153A80592180D5A70009E963 /* ClassibilityUITests.xctest */;
			productType = "com.apple.product-type.bundle.ui-testing";
		};
/* End PBXNativeTarget section */

/* Begin PBXProject section */
		153A80322180D5A60009E963 /* Project object */ = {
			isa = PBXProject;
			attributes = {
				LastSwiftUpdateCheck = 1000;
				LastUpgradeCheck = 1000;
				ORGANIZATIONNAME = "Kanta'MacPro";
				TargetAttributes = {
					153A80392180D5A60009E963 = {
						CreatedOnToolsVersion = 10.0;
					};
					153A804D2180D5A70009E963 = {
						CreatedOnToolsVersion = 10.0;
						TestTargetID = 153A80392180D5A60009E963;
					};
					153A80582180D5A70009E963 = {
						CreatedOnToolsVersion = 10.0;
						TestTargetID = 153A80392180D5A60009E963;
					};
				};
			};
			buildConfigurationList = 153A80352180D5A60009E963 /* Build configuration list for PBXProject "Classibility" */;
			compatibilityVersion = "Xcode 9.3";
			developmentRegion = en;
			hasScannedForEncodings = 0;
			knownRegions = (
				en,
				Base,
			);
			mainGroup = 153A80312180D5A60009E963;
			productRefGroup = 153A803B2180D5A60009E963 /* Products */;
			projectDirPath = "";
			projectRoot = "";
			targets = (
				153A80392180D5A60009E963 /* Classibility */,
				153A804D2180D5A70009E963 /* ClassibilityTests */,
				153A80582180D5A70009E963 /* ClassibilityUITests */,
			);
		};
/* End PBXProject section */

/* Begin PBXResourcesBuildPhase section */
		153A80382180D5A60009E963 /* Resources */ = {
			isa = PBXResourcesBuildPhase;
			buildActionMask = 2147483647;
			files = (
				153A80482180D5A70009E963 /* LaunchScreen.storyboard in Resources */,
				15E9905F218EC88500043441 /* TimeViewController.xib in Resources */,
				15EAEA88218DF3CE00073472 /* GoogleService-Info.plist in Resources */,
				153A80452180D5A70009E963 /* Assets.xcassets in Resources */,
				15E9905B218EC86500043441 /* LocationViewController.xib in Resources */,
				153A80432180D5A60009E963 /* Main.storyboard in Resources */,
			);
			runOnlyForDeploymentPostprocessing = 0;
		};
		153A804C2180D5A70009E963 /* Resources */ = {
			isa = PBXResourcesBuildPhase;
			buildActionMask = 2147483647;
			files = (
			);
			runOnlyForDeploymentPostprocessing = 0;
		};
		153A80572180D5A70009E963 /* Resources */ = {
			isa = PBXResourcesBuildPhase;
			buildActionMask = 2147483647;
			files = (
			);
			runOnlyForDeploymentPostprocessing = 0;
		};
/* End PBXResourcesBuildPhase section */

/* Begin PBXShellScriptBuildPhase section */
		0E449F2A3E1762DE031BBD83 /* [CP] Embed Pods Frameworks */ = {
			isa = PBXShellScriptBuildPhase;
			buildActionMask = 2147483647;
			files = (
			);
			inputFileListPaths = (
			);
			inputPaths = (
				"${SRCROOT}/Pods/Target Support Files/Pods-Classibility/Pods-Classibility-frameworks.sh",
				"${BUILT_PRODUCTS_DIR}/GTMSessionFetcher/GTMSessionFetcher.framework",
				"${BUILT_PRODUCTS_DIR}/GoogleUtilities/GoogleUtilities.framework",
				"${BUILT_PRODUCTS_DIR}/nanopb/nanopb.framework",
			);
			name = "[CP] Embed Pods Frameworks";
			outputFileListPaths = (
			);
			outputPaths = (
				"${TARGET_BUILD_DIR}/${FRAMEWORKS_FOLDER_PATH}/GTMSessionFetcher.framework",
				"${TARGET_BUILD_DIR}/${FRAMEWORKS_FOLDER_PATH}/GoogleUtilities.framework",
				"${TARGET_BUILD_DIR}/${FRAMEWORKS_FOLDER_PATH}/nanopb.framework",
			);
			runOnlyForDeploymentPostprocessing = 0;
			shellPath = /bin/sh;
			shellScript = "\"${SRCROOT}/Pods/Target Support Files/Pods-Classibility/Pods-Classibility-frameworks.sh\"\n";
			showEnvVarsInLog = 0;
		};
		83B346C9D3C06B2B266DACFC /* [CP] Check Pods Manifest.lock */ = {
			isa = PBXShellScriptBuildPhase;
			buildActionMask = 2147483647;
			files = (
			);
			inputFileListPaths = (
			);
			inputPaths = (
				"${PODS_PODFILE_DIR_PATH}/Podfile.lock",
				"${PODS_ROOT}/Manifest.lock",
			);
			name = "[CP] Check Pods Manifest.lock";
			outputFileListPaths = (
			);
			outputPaths = (
				"$(DERIVED_FILE_DIR)/Pods-ClassibilityTests-checkManifestLockResult.txt",
			);
			runOnlyForDeploymentPostprocessing = 0;
			shellPath = /bin/sh;
			shellScript = "diff \"${PODS_PODFILE_DIR_PATH}/Podfile.lock\" \"${PODS_ROOT}/Manifest.lock\" > /dev/null\nif [ $? != 0 ] ; then\n    # print error to STDERR\n    echo \"error: The sandbox is not in sync with the Podfile.lock. Run 'pod install' or update your CocoaPods installation.\" >&2\n    exit 1\nfi\n# This output is used by Xcode 'outputs' to avoid re-running this script phase.\necho \"SUCCESS\" > \"${SCRIPT_OUTPUT_FILE_0}\"\n";
			showEnvVarsInLog = 0;
		};
		D674A11423DCA6273272D084 /* [CP] Check Pods Manifest.lock */ = {
			isa = PBXShellScriptBuildPhase;
			buildActionMask = 2147483647;
			files = (
			);
			inputFileListPaths = (
			);
			inputPaths = (
				"${PODS_PODFILE_DIR_PATH}/Podfile.lock",
				"${PODS_ROOT}/Manifest.lock",
			);
			name = "[CP] Check Pods Manifest.lock";
			outputFileListPaths = (
			);
			outputPaths = (
				"$(DERIVED_FILE_DIR)/Pods-ClassibilityUITests-checkManifestLockResult.txt",
			);
			runOnlyForDeploymentPostprocessing = 0;
			shellPath = /bin/sh;
			shellScript = "diff \"${PODS_PODFILE_DIR_PATH}/Podfile.lock\" \"${PODS_ROOT}/Manifest.lock\" > /dev/null\nif [ $? != 0 ] ; then\n    # print error to STDERR\n    echo \"error: The sandbox is not in sync with the Podfile.lock. Run 'pod install' or update your CocoaPods installation.\" >&2\n    exit 1\nfi\n# This output is used by Xcode 'outputs' to avoid re-running this script phase.\necho \"SUCCESS\" > \"${SCRIPT_OUTPUT_FILE_0}\"\n";
			showEnvVarsInLog = 0;
		};
		F3502304B4A72EAACDFBE4BF /* [CP] Check Pods Manifest.lock */ = {
			isa = PBXShellScriptBuildPhase;
			buildActionMask = 2147483647;
			files = (
			);
			inputFileListPaths = (
			);
			inputPaths = (
				"${PODS_PODFILE_DIR_PATH}/Podfile.lock",
				"${PODS_ROOT}/Manifest.lock",
			);
			name = "[CP] Check Pods Manifest.lock";
			outputFileListPaths = (
			);
			outputPaths = (
				"$(DERIVED_FILE_DIR)/Pods-Classibility-checkManifestLockResult.txt",
			);
			runOnlyForDeploymentPostprocessing = 0;
			shellPath = /bin/sh;
			shellScript = "diff \"${PODS_PODFILE_DIR_PATH}/Podfile.lock\" \"${PODS_ROOT}/Manifest.lock\" > /dev/null\nif [ $? != 0 ] ; then\n    # print error to STDERR\n    echo \"error: The sandbox is not in sync with the Podfile.lock. Run 'pod install' or update your CocoaPods installation.\" >&2\n    exit 1\nfi\n# This output is used by Xcode 'outputs' to avoid re-running this script phase.\necho \"SUCCESS\" > \"${SCRIPT_OUTPUT_FILE_0}\"\n";
			showEnvVarsInLog = 0;
		};
/* End PBXShellScriptBuildPhase section */

/* Begin PBXSourcesBuildPhase section */
		153A80362180D5A60009E963 /* Sources */ = {
			isa = PBXSourcesBuildPhase;
			buildActionMask = 2147483647;
			files = (
				153A806E2180E9D90009E963 /* RegisterViewController.swift in Sources */,
				153A806C2180D7480009E963 /* LoginViewController.swift in Sources */,
				15EAEA8C218DF54400073472 /* ClassTableViewController.swift in Sources */,
				15EAEA8A218DF52100073472 /* ClassTableViewCell.swift in Sources */,
				15EAEA8E218E156C00073472 /* Class.swift in Sources */,
				15E9905E218EC88500043441 /* TimeViewController.swift in Sources */,
				15E9905A218EC86500043441 /* LocationViewController.swift in Sources */,
				159FEE272181A421005B0683 /* ResendViewController.swift in Sources */,
				153A803E2180D5A60009E963 /* AppDelegate.swift in Sources */,
				15E99056218EB44C00043441 /* NewClassViewController.swift in Sources */,
				159FEE252181A03D005B0683 /* ForgetViewController.swift in Sources */,
			);
			runOnlyForDeploymentPostprocessing = 0;
		};
		153A804A2180D5A70009E963 /* Sources */ = {
			isa = PBXSourcesBuildPhase;
			buildActionMask = 2147483647;
			files = (
				153A80532180D5A70009E963 /* ClassibilityTests.swift in Sources */,
			);
			runOnlyForDeploymentPostprocessing = 0;
		};
		153A80552180D5A70009E963 /* Sources */ = {
			isa = PBXSourcesBuildPhase;
			buildActionMask = 2147483647;
			files = (
				153A805E2180D5A70009E963 /* ClassibilityUITests.swift in Sources */,
			);
			runOnlyForDeploymentPostprocessing = 0;
		};
/* End PBXSourcesBuildPhase section */

/* Begin PBXTargetDependency section */
		153A80502180D5A70009E963 /* PBXTargetDependency */ = {
			isa = PBXTargetDependency;
			target = 153A80392180D5A60009E963 /* Classibility */;
			targetProxy = 153A804F2180D5A70009E963 /* PBXContainerItemProxy */;
		};
		153A805B2180D5A70009E963 /* PBXTargetDependency */ = {
			isa = PBXTargetDependency;
			target = 153A80392180D5A60009E963 /* Classibility */;
			targetProxy = 153A805A2180D5A70009E963 /* PBXContainerItemProxy */;
		};
/* End PBXTargetDependency section */

/* Begin PBXVariantGroup section */
		153A80412180D5A60009E963 /* Main.storyboard */ = {
			isa = PBXVariantGroup;
			children = (
				153A80422180D5A60009E963 /* Base */,
			);
			name = Main.storyboard;
			sourceTree = "<group>";
		};
		153A80462180D5A70009E963 /* LaunchScreen.storyboard */ = {
			isa = PBXVariantGroup;
			children = (
				153A80472180D5A70009E963 /* Base */,
			);
			name = LaunchScreen.storyboard;
			sourceTree = "<group>";
		};
/* End PBXVariantGroup section */

/* Begin XCBuildConfiguration section */
		153A80602180D5A70009E963 /* Debug */ = {
			isa = XCBuildConfiguration;
			buildSettings = {
				ALWAYS_SEARCH_USER_PATHS = NO;
				CLANG_ANALYZER_NONNULL = YES;
				CLANG_ANALYZER_NUMBER_OBJECT_CONVERSION = YES_AGGRESSIVE;
				CLANG_CXX_LANGUAGE_STANDARD = "gnu++14";
				CLANG_CXX_LIBRARY = "libc++";
				CLANG_ENABLE_MODULES = YES;
				CLANG_ENABLE_OBJC_ARC = YES;
				CLANG_ENABLE_OBJC_WEAK = YES;
				CLANG_WARN_BLOCK_CAPTURE_AUTORELEASING = YES;
				CLANG_WARN_BOOL_CONVERSION = YES;
				CLANG_WARN_COMMA = YES;
				CLANG_WARN_CONSTANT_CONVERSION = YES;
				CLANG_WARN_DEPRECATED_OBJC_IMPLEMENTATIONS = YES;
				CLANG_WARN_DIRECT_OBJC_ISA_USAGE = YES_ERROR;
				CLANG_WARN_DOCUMENTATION_COMMENTS = YES;
				CLANG_WARN_EMPTY_BODY = YES;
				CLANG_WARN_ENUM_CONVERSION = YES;
				CLANG_WARN_INFINITE_RECURSION = YES;
				CLANG_WARN_INT_CONVERSION = YES;
				CLANG_WARN_NON_LITERAL_NULL_CONVERSION = YES;
				CLANG_WARN_OBJC_IMPLICIT_RETAIN_SELF = YES;
				CLANG_WARN_OBJC_LITERAL_CONVERSION = YES;
				CLANG_WARN_OBJC_ROOT_CLASS = YES_ERROR;
				CLANG_WARN_RANGE_LOOP_ANALYSIS = YES;
				CLANG_WARN_STRICT_PROTOTYPES = YES;
				CLANG_WARN_SUSPICIOUS_MOVE = YES;
				CLANG_WARN_UNGUARDED_AVAILABILITY = YES_AGGRESSIVE;
				CLANG_WARN_UNREACHABLE_CODE = YES;
				CLANG_WARN__DUPLICATE_METHOD_MATCH = YES;
				CODE_SIGN_IDENTITY = "iPhone Developer";
				COPY_PHASE_STRIP = NO;
				DEBUG_INFORMATION_FORMAT = dwarf;
				ENABLE_STRICT_OBJC_MSGSEND = YES;
				ENABLE_TESTABILITY = YES;
				GCC_C_LANGUAGE_STANDARD = gnu11;
				GCC_DYNAMIC_NO_PIC = NO;
				GCC_NO_COMMON_BLOCKS = YES;
				GCC_OPTIMIZATION_LEVEL = 0;
				GCC_PREPROCESSOR_DEFINITIONS = (
					"DEBUG=1",
					"$(inherited)",
				);
				GCC_WARN_64_TO_32_BIT_CONVERSION = YES;
				GCC_WARN_ABOUT_RETURN_TYPE = YES_ERROR;
				GCC_WARN_UNDECLARED_SELECTOR = YES;
				GCC_WARN_UNINITIALIZED_AUTOS = YES_AGGRESSIVE;
				GCC_WARN_UNUSED_FUNCTION = YES;
				GCC_WARN_UNUSED_VARIABLE = YES;
				IPHONEOS_DEPLOYMENT_TARGET = 12.0;
				MTL_ENABLE_DEBUG_INFO = INCLUDE_SOURCE;
				MTL_FAST_MATH = YES;
				ONLY_ACTIVE_ARCH = YES;
				SDKROOT = iphoneos;
				SWIFT_ACTIVE_COMPILATION_CONDITIONS = DEBUG;
				SWIFT_OPTIMIZATION_LEVEL = "-Onone";
			};
			name = Debug;
		};
		153A80612180D5A70009E963 /* Release */ = {
			isa = XCBuildConfiguration;
			buildSettings = {
				ALWAYS_SEARCH_USER_PATHS = NO;
				CLANG_ANALYZER_NONNULL = YES;
				CLANG_ANALYZER_NUMBER_OBJECT_CONVERSION = YES_AGGRESSIVE;
				CLANG_CXX_LANGUAGE_STANDARD = "gnu++14";
				CLANG_CXX_LIBRARY = "libc++";
				CLANG_ENABLE_MODULES = YES;
				CLANG_ENABLE_OBJC_ARC = YES;
				CLANG_ENABLE_OBJC_WEAK = YES;
				CLANG_WARN_BLOCK_CAPTURE_AUTORELEASING = YES;
				CLANG_WARN_BOOL_CONVERSION = YES;
				CLANG_WARN_COMMA = YES;
				CLANG_WARN_CONSTANT_CONVERSION = YES;
				CLANG_WARN_DEPRECATED_OBJC_IMPLEMENTATIONS = YES;
				CLANG_WARN_DIRECT_OBJC_ISA_USAGE = YES_ERROR;
				CLANG_WARN_DOCUMENTATION_COMMENTS = YES;
				CLANG_WARN_EMPTY_BODY = YES;
				CLANG_WARN_ENUM_CONVERSION = YES;
				CLANG_WARN_INFINITE_RECURSION = YES;
				CLANG_WARN_INT_CONVERSION = YES;
				CLANG_WARN_NON_LITERAL_NULL_CONVERSION = YES;
				CLANG_WARN_OBJC_IMPLICIT_RETAIN_SELF = YES;
				CLANG_WARN_OBJC_LITERAL_CONVERSION = YES;
				CLANG_WARN_OBJC_ROOT_CLASS = YES_ERROR;
				CLANG_WARN_RANGE_LOOP_ANALYSIS = YES;
				CLANG_WARN_STRICT_PROTOTYPES = YES;
				CLANG_WARN_SUSPICIOUS_MOVE = YES;
				CLANG_WARN_UNGUARDED_AVAILABILITY = YES_AGGRESSIVE;
				CLANG_WARN_UNREACHABLE_CODE = YES;
				CLANG_WARN__DUPLICATE_METHOD_MATCH = YES;
				CODE_SIGN_IDENTITY = "iPhone Developer";
				COPY_PHASE_STRIP = NO;
				DEBUG_INFORMATION_FORMAT = "dwarf-with-dsym";
				ENABLE_NS_ASSERTIONS = NO;
				ENABLE_STRICT_OBJC_MSGSEND = YES;
				GCC_C_LANGUAGE_STANDARD = gnu11;
				GCC_NO_COMMON_BLOCKS = YES;
				GCC_WARN_64_TO_32_BIT_CONVERSION = YES;
				GCC_WARN_ABOUT_RETURN_TYPE = YES_ERROR;
				GCC_WARN_UNDECLARED_SELECTOR = YES;
				GCC_WARN_UNINITIALIZED_AUTOS = YES_AGGRESSIVE;
				GCC_WARN_UNUSED_FUNCTION = YES;
				GCC_WARN_UNUSED_VARIABLE = YES;
				IPHONEOS_DEPLOYMENT_TARGET = 12.0;
				MTL_ENABLE_DEBUG_INFO = NO;
				MTL_FAST_MATH = YES;
				SDKROOT = iphoneos;
				SWIFT_COMPILATION_MODE = wholemodule;
				SWIFT_OPTIMIZATION_LEVEL = "-O";
				VALIDATE_PRODUCT = YES;
			};
			name = Release;
		};
		153A80632180D5A70009E963 /* Debug */ = {
			isa = XCBuildConfiguration;
			baseConfigurationReference = 5DFC92FA068259A43AF2C721 /* Pods-Classibility.debug.xcconfig */;
			buildSettings = {
				ASSETCATALOG_COMPILER_APPICON_NAME = AppIcon;
				CODE_SIGN_STYLE = Automatic;
				INFOPLIST_FILE = Classibility/Info.plist;
				LD_RUNPATH_SEARCH_PATHS = (
					"$(inherited)",
					"@executable_path/Frameworks",
				);
				PRODUCT_BUNDLE_IDENTIFIER = MobileProject.Classibility;
				PRODUCT_NAME = "$(TARGET_NAME)";
				SWIFT_VERSION = 4.2;
				TARGETED_DEVICE_FAMILY = "1,2";
			};
			name = Debug;
		};
		153A80642180D5A70009E963 /* Release */ = {
			isa = XCBuildConfiguration;
			baseConfigurationReference = 86AC5F37E086198DB90CA771 /* Pods-Classibility.release.xcconfig */;
			buildSettings = {
				ASSETCATALOG_COMPILER_APPICON_NAME = AppIcon;
				CODE_SIGN_STYLE = Automatic;
				INFOPLIST_FILE = Classibility/Info.plist;
				LD_RUNPATH_SEARCH_PATHS = (
					"$(inherited)",
					"@executable_path/Frameworks",
				);
				PRODUCT_BUNDLE_IDENTIFIER = MobileProject.Classibility;
				PRODUCT_NAME = "$(TARGET_NAME)";
				SWIFT_VERSION = 4.2;
				TARGETED_DEVICE_FAMILY = "1,2";
			};
			name = Release;
		};
		153A80662180D5A70009E963 /* Debug */ = {
			isa = XCBuildConfiguration;
			baseConfigurationReference = 3C3E71A3F7C40EC25A591226 /* Pods-ClassibilityTests.debug.xcconfig */;
			buildSettings = {
				ALWAYS_EMBED_SWIFT_STANDARD_LIBRARIES = YES;
				BUNDLE_LOADER = "$(TEST_HOST)";
				CODE_SIGN_STYLE = Automatic;
				INFOPLIST_FILE = ClassibilityTests/Info.plist;
				LD_RUNPATH_SEARCH_PATHS = (
					"$(inherited)",
					"@executable_path/Frameworks",
					"@loader_path/Frameworks",
				);
				PRODUCT_BUNDLE_IDENTIFIER = MobileProject.ClassibilityTests;
				PRODUCT_NAME = "$(TARGET_NAME)";
				SWIFT_VERSION = 4.2;
				TARGETED_DEVICE_FAMILY = "1,2";
				TEST_HOST = "$(BUILT_PRODUCTS_DIR)/Classibility.app/Classibility";
			};
			name = Debug;
		};
		153A80672180D5A70009E963 /* Release */ = {
			isa = XCBuildConfiguration;
			baseConfigurationReference = 06F27CFC14EBF9721598C5FC /* Pods-ClassibilityTests.release.xcconfig */;
			buildSettings = {
				ALWAYS_EMBED_SWIFT_STANDARD_LIBRARIES = YES;
				BUNDLE_LOADER = "$(TEST_HOST)";
				CODE_SIGN_STYLE = Automatic;
				INFOPLIST_FILE = ClassibilityTests/Info.plist;
				LD_RUNPATH_SEARCH_PATHS = (
					"$(inherited)",
					"@executable_path/Frameworks",
					"@loader_path/Frameworks",
				);
				PRODUCT_BUNDLE_IDENTIFIER = MobileProject.ClassibilityTests;
				PRODUCT_NAME = "$(TARGET_NAME)";
				SWIFT_VERSION = 4.2;
				TARGETED_DEVICE_FAMILY = "1,2";
				TEST_HOST = "$(BUILT_PRODUCTS_DIR)/Classibility.app/Classibility";
			};
			name = Release;
		};
		153A80692180D5A70009E963 /* Debug */ = {
			isa = XCBuildConfiguration;
			baseConfigurationReference = 232AB3CBC92DCE4A10D61B99 /* Pods-ClassibilityUITests.debug.xcconfig */;
			buildSettings = {
				ALWAYS_EMBED_SWIFT_STANDARD_LIBRARIES = YES;
				CODE_SIGN_STYLE = Automatic;
				INFOPLIST_FILE = ClassibilityUITests/Info.plist;
				LD_RUNPATH_SEARCH_PATHS = (
					"$(inherited)",
					"@executable_path/Frameworks",
					"@loader_path/Frameworks",
				);
				PRODUCT_BUNDLE_IDENTIFIER = MobileProject.ClassibilityUITests;
				PRODUCT_NAME = "$(TARGET_NAME)";
				SWIFT_VERSION = 4.2;
				TARGETED_DEVICE_FAMILY = "1,2";
				TEST_TARGET_NAME = Classibility;
			};
			name = Debug;
		};
		153A806A2180D5A70009E963 /* Release */ = {
			isa = XCBuildConfiguration;
			baseConfigurationReference = 4B647EEB55EC57F1F082B276 /* Pods-ClassibilityUITests.release.xcconfig */;
			buildSettings = {
				ALWAYS_EMBED_SWIFT_STANDARD_LIBRARIES = YES;
				CODE_SIGN_STYLE = Automatic;
				INFOPLIST_FILE = ClassibilityUITests/Info.plist;
				LD_RUNPATH_SEARCH_PATHS = (
					"$(inherited)",
					"@executable_path/Frameworks",
					"@loader_path/Frameworks",
				);
				PRODUCT_BUNDLE_IDENTIFIER = MobileProject.ClassibilityUITests;
				PRODUCT_NAME = "$(TARGET_NAME)";
				SWIFT_VERSION = 4.2;
				TARGETED_DEVICE_FAMILY = "1,2";
				TEST_TARGET_NAME = Classibility;
			};
			name = Release;
		};
/* End XCBuildConfiguration section */

/* Begin XCConfigurationList section */
		153A80352180D5A60009E963 /* Build configuration list for PBXProject "Classibility" */ = {
			isa = XCConfigurationList;
			buildConfigurations = (
				153A80602180D5A70009E963 /* Debug */,
				153A80612180D5A70009E963 /* Release */,
			);
			defaultConfigurationIsVisible = 0;
			defaultConfigurationName = Release;
		};
		153A80622180D5A70009E963 /* Build configuration list for PBXNativeTarget "Classibility" */ = {
			isa = XCConfigurationList;
			buildConfigurations = (
				153A80632180D5A70009E963 /* Debug */,
				153A80642180D5A70009E963 /* Release */,
			);
			defaultConfigurationIsVisible = 0;
			defaultConfigurationName = Release;
		};
		153A80652180D5A70009E963 /* Build configuration list for PBXNativeTarget "ClassibilityTests" */ = {
			isa = XCConfigurationList;
			buildConfigurations = (
				153A80662180D5A70009E963 /* Debug */,
				153A80672180D5A70009E963 /* Release */,
			);
			defaultConfigurationIsVisible = 0;
			defaultConfigurationName = Release;
		};
		153A80682180D5A70009E963 /* Build configuration list for PBXNativeTarget "ClassibilityUITests" */ = {
			isa = XCConfigurationList;
			buildConfigurations = (
				153A80692180D5A70009E963 /* Debug */,
				153A806A2180D5A70009E963 /* Release */,
			);
			defaultConfigurationIsVisible = 0;
			defaultConfigurationName = Release;
		};
/* End XCConfigurationList section */
	};
	rootObject = 153A80322180D5A60009E963 /* Project object */;
}
